
Microsoft Visual Studio Solution File, Format Version 12.00
# Visual Studio Version 16
VisualStudioVersion = 16.0.31911.196
MinimumVisualStudioVersion = 10.0.40219.1
Project("{FAE04EC0-301F-11D3-BF4B-00C04F79EFBC}") = "InventoryManagement2", "InventoryManagement2\InventoryManagement2.csproj", "{DFEE12EB-A62F-4EAA-B317-CB80643A9C92}"
EndProject
Global
	GlobalSection(SolutionConfigurationPlatforms) = preSolution
		Debug|Any CPU = Debug|Any CPU
		Release|Any CPU = Release|Any CPU
	EndGlobalSection
	GlobalSection(ProjectConfigurationPlatforms) = postSolution
		{DFEE12EB-A62F-4EAA-B317-CB80643A9C92}.Debug|Any CPU.ActiveCfg = Debug|Any CPU
		{DFEE12EB-A62F-4EAA-B317-CB80643A9C92}.Debug|Any CPU.Build.0 = Debug|Any CPU
		{DFEE12EB-A62F-4EAA-B317-CB80643A9C92}.Release|Any CPU.ActiveCfg = Release|Any CPU
		{DFEE12EB-A62F-4EAA-B317-CB80643A9C92}.Release|Any CPU.Build.0 = Release|Any CPU
	EndGlobalSection
	GlobalSection(SolutionProperties) = preSolution
		HideSolutionNode = FALSE
	EndGlobalSection
	GlobalSection(ExtensibilityGlobals) = postSolution
		SolutionGuid = {CD7AA8E3-9F2F-4A7D-97BD-F489D7541EF9}
	EndGlobalSection
EndGlobal
